{
  "version": 4,
  "terraform_version": "1.5.7",
  "serial": 135,
  "lineage": "543eabcf-003c-e314-7eae-51012c8f0f66",
  "outputs": {
    "cluster_name": {
      "value": "dev-eks-cluster",
      "type": "string"
    },
    "region": {
      "value": "ap-south-1",
      "type": "string"
    },
    "vpc_id": {
      "value": "vpc-00ee072577583b891",
      "type": "string"
    }
  },
  "resources": [
    {
      "module": "module.eks",
      "mode": "data",
      "type": "tls_certificate",
      "name": "tls",
      "provider": "provider[\"registry.terraform.io/hashicorp/tls\"]",
      "instances": [
        {
          "schema_version": 0,
          "attributes": {
            "certificates": [
              {
                "cert_pem": "-----BEGIN CERTIFICATE-----\nMIIEdTCCA12gAwIBAgIJAKcOSkw0grd/MA0GCSqGSIb3DQEBCwUAMGgxCzAJBgNV\nBAYTAlVTMSUwIwYDVQQKExxTdGFyZmllbGQgVGVjaG5vbG9naWVzLCBJbmMuMTIw\nMAYDVQQLEylTdGFyZmllbGQgQ2xhc3MgMiBDZXJ0aWZpY2F0aW9uIEF1dGhvcml0\neTAeFw0wOTA5MDIwMDAwMDBaFw0zNDA2MjgxNzM5MTZaMIGYMQswCQYDVQQGEwJV\nUzEQMA4GA1UECBMHQXJpem9uYTETMBEGA1UEBxMKU2NvdHRzZGFsZTElMCMGA1UE\nChMcU3RhcmZpZWxkIFRlY2hub2xvZ2llcywgSW5jLjE7MDkGA1UEAxMyU3RhcmZp\nZWxkIFNlcnZpY2VzIFJvb3QgQ2VydGlmaWNhdGUgQXV0aG9yaXR5IC0gRzIwggEi\nMA0GCSqGSIb3DQEBAQUAA4IBDwAwggEKAoIBAQDVDDrEKvlO4vW+GZdfjohTsR8/\ny8+fIBNtKTrID30892t2OGPZNmCom15cAICyL1l/9of5JUOG52kbUpqQ4XHj2C0N\nTm/2yEnZtvMaVq4rtnQU68/7JuMauh2WLmo7WJSJR1b/JaCTcFOD2oR0FMNnngRo\nOt+OQFodSk7PQ5E751bWAHDLUu57fa4657wx+UX2wmDPE1kCK4DMNEffud6QZW0C\nzyyRpqbn3oUYSXxmTqM6bam17jQuug0DuDPfR+uxa40l2ZvOgdFFRjKWcIfeAg5J\nQ4W2bHO7ZOphQazJ1FTfhy/HIrImzJ9ZVGif/L4qL8RVHHVAYBeFAlU5i38FAgMB\nAAGjgfAwge0wDwYDVR0TAQH/BAUwAwEB/zAOBgNVHQ8BAf8EBAMCAYYwHQYDVR0O\nBBYEFJxfAN+qAdcwKziIorhtSpzyEZGDMB8GA1UdIwQYMBaAFL9ft9HO3R+G9FtV\nrNzXEMIOqYjnME8GCCsGAQUFBwEBBEMwQTAcBggrBgEFBQcwAYYQaHR0cDovL28u\nc3MyLnVzLzAhBggrBgEFBQcwAoYVaHR0cDovL3guc3MyLnVzL3guY2VyMCYGA1Ud\nHwQfMB0wG6AZoBeGFWh0dHA6Ly9zLnNzMi51cy9yLmNybDARBgNVHSAECjAIMAYG\nBFUdIAAwDQYJKoZIhvcNAQELBQADggEBACMd44pXyn3pF3lM8R5V/cxTbj5HD9/G\nVfKyBDbtgB9TxF00KGu+x1X8Z+rLP3+QsjPNG1gQggL4+C/1E2DUBc7xgQjB3ad1\nl08YuW3e95ORCLp+QCztweq7dp4zBncdDQh/U90bZKuCJ/Fp1U1ervShw3WnWEQt\n8jxwmKy6abaVd38PMV4s/KCHOkdp8Hlf9BRUpJVeEXgSYCfOn8J3/yNTd126/+pZ\n59vPr5KW7ySaNRB6nJHGDn2Z9j8Z3/VyVOEVqQdZe4O/Ui5GjLIAZHYcSNPYeehu\nVsyuLAOQ1xk4meTKCRlb/weWsKh/NEnfVqn3sF/tM+2MR7cwA130A4w=\n-----END CERTIFICATE-----\n",
                "is_ca": true,
                "issuer": "OU=Starfield Class 2 Certification Authority,O=Starfield Technologies\\, Inc.,C=US",
                "not_after": "2034-06-28T17:39:16Z",
                "not_before": "2009-09-02T00:00:00Z",
                "public_key_algorithm": "RSA",
                "serial_number": "12037640545166866303",
                "sha1_fingerprint": "9e99a48a9960b14926bb7f3b02e22da2b0ab7280",
                "signature_algorithm": "SHA256-RSA",
                "subject": "CN=Starfield Services Root Certificate Authority - G2,O=Starfield Technologies\\, Inc.,L=Scottsdale,ST=Arizona,C=US",
                "version": 3
              },
              {
                "cert_pem": "-----BEGIN CERTIFICATE-----\nMIIEkjCCA3qgAwIBAgITBn+USionzfP6wq4rAfkI7rnExjANBgkqhkiG9w0BAQsF\nADCBmDELMAkGA1UEBhMCVVMxEDAOBgNVBAgTB0FyaXpvbmExEzARBgNVBAcTClNj\nb3R0c2RhbGUxJTAjBgNVBAoTHFN0YXJmaWVsZCBUZWNobm9sb2dpZXMsIEluYy4x\nOzA5BgNVBAMTMlN0YXJmaWVsZCBTZXJ2aWNlcyBSb290IENlcnRpZmljYXRlIEF1\ndGhvcml0eSAtIEcyMB4XDTE1MDUyNTEyMDAwMFoXDTM3MTIzMTAxMDAwMFowOTEL\nMAkGA1UEBhMCVVMxDzANBgNVBAoTBkFtYXpvbjEZMBcGA1UEAxMQQW1hem9uIFJv\nb3QgQ0EgMTCCASIwDQYJKoZIhvcNAQEBBQADggEPADCCAQoCggEBALJ4gHHKeNXj\nca9HgFB0fW7Y14h29Jlo91ghYPl0hAEvrAIthtOgQ3pOsqTQNroBvo3bSMgHFzZM\n9O6II8c+6zf1tRn4SWiw3te5djgdYZ6k/oI2peVKVuRF4fn9tBb6dNqcmzU5L/qw\nIFAGbHrQgLKm+a/sRxmPUDgH3KKHOVj4utWp+UhnMJbulHheb4mjUcAwhmahRWa6\nVOujw5H5SNz/0egwLX0tdHA114gk957EWW67c4cX8jJGKLhD+rcdqsq08p8kDi1L\n93FcXmn/6pUCyziKrlA4b9v7LWIbxcceVOF34GfID5yHI9Y/QCB/IIDEgEw+OyQm\njgSubJrIqg0CAwEAAaOCATEwggEtMA8GA1UdEwEB/wQFMAMBAf8wDgYDVR0PAQH/\nBAQDAgGGMB0GA1UdDgQWBBSEGMyFNOy8DJSULghZnMeyEE4KCDAfBgNVHSMEGDAW\ngBScXwDfqgHXMCs4iKK4bUqc8hGRgzB4BggrBgEFBQcBAQRsMGowLgYIKwYBBQUH\nMAGGImh0dHA6Ly9vY3NwLnJvb3RnMi5hbWF6b250cnVzdC5jb20wOAYIKwYBBQUH\nMAKGLGh0dHA6Ly9jcnQucm9vdGcyLmFtYXpvbnRydXN0LmNvbS9yb290ZzIuY2Vy\nMD0GA1UdHwQ2MDQwMqAwoC6GLGh0dHA6Ly9jcmwucm9vdGcyLmFtYXpvbnRydXN0\nLmNvbS9yb290ZzIuY3JsMBEGA1UdIAQKMAgwBgYEVR0gADANBgkqhkiG9w0BAQsF\nAAOCAQEAYjdCXLwQtT6LLOkMm2xF4gcAevnFWAu5CIw+7bMlPLVvUOTNNWqnkzSW\nMiGpSESrnO09tKpzbeR/FoCJbM8oAxiDR3mjEH4wW6w7sGDgd9QIpuEdfF7Au/ma\neyKdpwAJfqxGF4PcnCZXmTA5YpaP7dreqsXMGz7KQ2hsVxa81Q4gLv7/wmpdLqBK\nbRRYh5TmOTFffHPLkIhqhBGWJ6bt2YFGpn6jcgAKUj6DiAdjd4lpFw85hdKrCEVN\n0FE6/V1dN2RMfjCyVSRCnTawXZwXgWHxyvkQAiSr6w10kY17RSlQOYiypok1JR4U\nakcjMS9cmvqtmg5iUaQqqcT5NJ0hGA==\n-----END CERTIFICATE-----\n",
                "is_ca": true,
                "issuer": "CN=Starfield Services Root Certificate Authority - G2,O=Starfield Technologies\\, Inc.,L=Scottsdale,ST=Arizona,C=US",
                "not_after": "2037-12-31T01:00:00Z",
                "not_before": "2015-05-25T12:00:00Z",
                "public_key_algorithm": "RSA",
                "serial_number": "144918191876577076464031512351042010504348870",
                "sha1_fingerprint": "06b25927c42a721631c1efd9431e648fa62e1e39",
                "signature_algorithm": "SHA256-RSA",
                "subject": "CN=Amazon Root CA 1,O=Amazon,C=US",
                "version": 3
              },
              {
                "cert_pem": "-----BEGIN CERTIFICATE-----\nMIIEXjCCA0agAwIBAgITB3MSOAudZoijOx7Zv5zNpo4ODzANBgkqhkiG9w0BAQsF\nADA5MQswCQYDVQQGEwJVUzEPMA0GA1UEChMGQW1hem9uMRkwFwYDVQQDExBBbWF6\nb24gUm9vdCBDQSAxMB4XDTIyMDgyMzIyMjEyOFoXDTMwMDgyMzIyMjEyOFowPDEL\nMAkGA1UEBhMCVVMxDzANBgNVBAoTBkFtYXpvbjEcMBoGA1UEAxMTQW1hem9uIFJT\nQSAyMDQ4IE0wMTCCASIwDQYJKoZIhvcNAQEBBQADggEPADCCAQoCggEBAOtxLKnL\nH4gokjIwr4pXD3i3NyWVVYesZ1yX0yLI2qIUZ2t88Gfa4gMqs1YSXca1R/lnCKeT\nepWSGA+0+fkQNpp/L4C2T7oTTsddUx7g3ZYzByDTlrwS5HRQQqEFE3O1T5tEJP4t\nf+28IoXsNiEzl3UGzicYgtzj2cWCB41eJgEmJmcf2T8TzzK6a614ZPyq/w4CPAff\nnAV4coz96nW3AyiE2uhuB4zQUIXvgVSycW7sbWLvj5TDXunEpNCRwC4kkZjK7rol\njtT2cbb7W2s4Bkg3R42G3PLqBvt2N32e/0JOTViCk8/iccJ4sXqrS1uUN4iB5Nmv\nJK74csVl+0u0UecCAwEAAaOCAVowggFWMBIGA1UdEwEB/wQIMAYBAf8CAQAwDgYD\nVR0PAQH/BAQDAgGGMB0GA1UdJQQWMBQGCCsGAQUFBwMBBggrBgEFBQcDAjAdBgNV\nHQ4EFgQUgbgOY4qJEhjl+js7UJWf5uWQE4UwHwYDVR0jBBgwFoAUhBjMhTTsvAyU\nlC4IWZzHshBOCggwewYIKwYBBQUHAQEEbzBtMC8GCCsGAQUFBzABhiNodHRwOi8v\nb2NzcC5yb290Y2ExLmFtYXpvbnRydXN0LmNvbTA6BggrBgEFBQcwAoYuaHR0cDov\nL2NydC5yb290Y2ExLmFtYXpvbnRydXN0LmNvbS9yb290Y2ExLmNlcjA/BgNVHR8E\nODA2MDSgMqAwhi5odHRwOi8vY3JsLnJvb3RjYTEuYW1hem9udHJ1c3QuY29tL3Jv\nb3RjYTEuY3JsMBMGA1UdIAQMMAowCAYGZ4EMAQIBMA0GCSqGSIb3DQEBCwUAA4IB\nAQCtAN4CBSMuBjJitGuxlBbkEUDeK/pZwTXv4KqPK0G50fOHOQAd8j21p0cMBgbG\nkfMHVwLU7b0XwZCav0h1ogdPMN1KakK1DT0VwA/+hFvGPJnMV1Kx2G4S1ZaSk0uU\n5QfoiYIIano01J5k4T2HapKQmmOhS/iPtuo00wW+IMLeBuKMn3OLn005hcrOGTad\nhcmeyfhQP7Z+iKHvyoQGi1C0ClymHETx/chhQGDyYSWqB/THwnN15AwLQo0E5V9E\nSJlbe4mBlqeInUsNYugExNf+tOiybcrswBy8OFsd34XOW3rjSUtsuafd9AWySa3h\nxRRrwszrzX/WWGm6wyB+f7C4\n-----END CERTIFICATE-----\n",
                "is_ca": true,
                "issuer": "CN=Amazon Root CA 1,O=Amazon,C=US",
                "not_after": "2030-08-23T22:21:28Z",
                "not_before": "2022-08-23T22:21:28Z",
                "public_key_algorithm": "RSA",
                "serial_number": "166129328851546858514271303855646110030630415",
                "sha1_fingerprint": "2ad974a775f73cbdbbd8f5ac3a49255fa8fb1f8c",
                "signature_algorithm": "SHA256-RSA",
                "subject": "CN=Amazon RSA 2048 M01,O=Amazon,C=US",
                "version": 3
              },
              {
                "cert_pem": "-----BEGIN CERTIFICATE-----\nMIIF7TCCBNWgAwIBAgIQA5HmLsxqQDg3E9F+6IwH3DANBgkqhkiG9w0BAQsFADA8\nMQswCQYDVQQGEwJVUzEPMA0GA1UEChMGQW1hem9uMRwwGgYDVQQDExNBbWF6b24g\nUlNBIDIwNDggTTAxMB4XDTIzMDQxNTAwMDAwMFoXDTI0MDUxMzIzNTk1OVowLDEq\nMCgGA1UEAxMhb2lkYy5la3MuYXAtc291dGgtMS5hbWF6b25hd3MuY29tMIIBIjAN\nBgkqhkiG9w0BAQEFAAOCAQ8AMIIBCgKCAQEA1anOiYyP3EWnzSy6iCUiFYlqyX2J\nd3bkOMHJAPRRHAMDJX29ZNRLzkmk1dqYMGGRx/y0Hl04AeRqEZbZO/vJKTRz/3NI\n/E6tIAMwAFsNYDrEKKqD2jIWVeYYaMnMTow9ShIBIUW3Yg7kOCl0rRVn0Z6k7JtO\npl9ykVjgmoh8JrFI6xNtWU3KplNyYiP95HYYR50+/dmXSlBdD35D9thWp3t+ZaBV\nCoSDWRmte0K21obpzQLn9pH4UaUhk+GGMQUXDOSWLUyXs8tH/lp/0Tj1zFiFs862\neDli1cG5dn+hmfhfrYqHSVdoFYGeXAJv83sRgQDfYsfirbpahNVIUXnR6QIDAQAB\no4IC+TCCAvUwHwYDVR0jBBgwFoAUgbgOY4qJEhjl+js7UJWf5uWQE4UwHQYDVR0O\nBBYEFK/GH4wzjXvYncHYC++XyrF6Q3TPMCwGA1UdEQQlMCOCIW9pZGMuZWtzLmFw\nLXNvdXRoLTEuYW1hem9uYXdzLmNvbTAOBgNVHQ8BAf8EBAMCBaAwHQYDVR0lBBYw\nFAYIKwYBBQUHAwEGCCsGAQUFBwMCMDsGA1UdHwQ0MDIwMKAuoCyGKmh0dHA6Ly9j\ncmwucjJtMDEuYW1hem9udHJ1c3QuY29tL3IybTAxLmNybDATBgNVHSAEDDAKMAgG\nBmeBDAECATB1BggrBgEFBQcBAQRpMGcwLQYIKwYBBQUHMAGGIWh0dHA6Ly9vY3Nw\nLnIybTAxLmFtYXpvbnRydXN0LmNvbTA2BggrBgEFBQcwAoYqaHR0cDovL2NydC5y\nMm0wMS5hbWF6b250cnVzdC5jb20vcjJtMDEuY2VyMAwGA1UdEwEB/wQCMAAwggF9\nBgorBgEEAdZ5AgQCBIIBbQSCAWkBZwB2AHb/iD8KtvuVUcJhzPWHujS0pM27Kdxo\nQgqf5mdMWjp0AAABh4JC93IAAAQDAEcwRQIgSGN5cVYt0NaSiQdQL3/2Y8FzFPKv\nfb4B/lxt558ax/gCIQDcyDNJDOQLykt6OYvfUFbPT2au+Sx8jwW9O0M8uKnLgwB2\nAHPZnokbTJZ4oCB9R53mssYc0FFecRkqjGuAEHrBd3K1AAABh4JC95UAAAQDAEcw\nRQIhAPyDaevv07moby742IE/pEcIvayHaPweIpIaBtn2151yAiAZWvB6YwFW7yzr\nL4sP56WkScvnAjpn8tUMUvE1YkZ8uwB1AEiw42vapkc0D+VqAvqdMOscUgHLVt0s\ngdm7v6s52IRzAAABh4JC92MAAAQDAEYwRAIgG4EVA1zmifPvD50Y5vrpRgUoieR2\nTTvSuob62xu0iVsCIHUUdI+wpcOMIxGRsEEcPRdvTdxngSBGlNuHiM8chkNsMA0G\nCSqGSIb3DQEBCwUAA4IBAQCXSU3/S67WVLb5MUU3bhb4Uj3r/z1iH8mcuOPpHSFV\n2mC/nuSEb+dQ/Yvlj27k1Oiim45NsDSxglIo5a+aI1YLd1vZDykQXU/K3c7jYkX6\nJYgGBhDmxq6shmLCqc3zUY8NjfirJN7dKgFpBF9T2YOMRmGPMTfaTMfYbQvAhQ0A\nfdIQVV+tVluMevpYIthm52vDSBdXCwzDDGdAAgqHfuLuKgWupX9Vn6I7tbWeOYMN\nzgtsRdsyu4r1NvXRL1IANNkuFUHOH1yfiatMnNfR27vgWpmqvbdTQTrkxPfgxDF4\nCEMM+JOHHBcH88bd2RtCEgwSu2F2rZQRrKsV4ye5lrOM\n-----END CERTIFICATE-----\n",
                "is_ca": false,
                "issuer": "CN=Amazon RSA 2048 M01,O=Amazon,C=US",
                "not_after": "2024-05-13T23:59:59Z",
                "not_before": "2023-04-15T00:00:00Z",
                "public_key_algorithm": "RSA",
                "serial_number": "4745235693810004574080242856439318492",
                "sha1_fingerprint": "b7e3017b01708fa231aa0dbd1b7ec441e2646149",
                "signature_algorithm": "SHA256-RSA",
                "subject": "CN=oidc.eks.ap-south-1.amazonaws.com",
                "version": 3
              }
            ],
            "content": null,
            "id": "19f1975010c6112f8493618c27b546ca956a4667",
            "url": "https://oidc.eks.ap-south-1.amazonaws.com/id/CEDC085B84F3C78D8500FFAE6D0208EA",
            "verify_chain": true
          },
          "sensitive_attributes": []
        }
      ]
    },
    {
      "module": "module.eks",
      "mode": "managed",
      "type": "aws_eks_addon",
      "name": "cni",
      "provider": "provider[\"registry.terraform.io/hashicorp/aws\"]",
      "instances": [
        {
          "schema_version": 0,
          "attributes": {
            "addon_name": "vpc-cni",
            "addon_version": "v1.12.6-eksbuild.2",
            "arn": "arn:aws:eks:ap-south-1:944708576171:addon/dev-eks-cluster/vpc-cni/d6c56d12-2a57-5f17-4cc3-6c09db21fa12",
            "cluster_name": "dev-eks-cluster",
            "configuration_values": "",
            "created_at": "2023-09-28T04:55:28Z",
            "id": "dev-eks-cluster:vpc-cni",
            "modified_at": "2023-09-28T04:55:32Z",
            "preserve": null,
            "resolve_conflicts": null,
            "resolve_conflicts_on_create": null,
            "resolve_conflicts_on_update": null,
            "service_account_role_arn": "",
            "tags": null,
            "tags_all": {},
            "timeouts": null
          },
          "sensitive_attributes": [],
          "private": "eyJlMmJmYjczMC1lY2FhLTExZTYtOGY4OC0zNDM2M2JjN2M0YzAiOnsiY3JlYXRlIjoxMjAwMDAwMDAwMDAwLCJkZWxldGUiOjI0MDAwMDAwMDAwMDAsInVwZGF0ZSI6MTIwMDAwMDAwMDAwMH19",
          "dependencies": [
            "module.eks.aws_eks_cluster.eks_cluster",
            "module.eks.aws_security_group.security_group_eks",
            "module.iam.aws_iam_policy.cluster_CloudWatchMetric",
            "module.iam.aws_iam_policy.cluster_autoscalling",
            "module.iam.aws_iam_role.iam_role",
            "module.iam.aws_iam_role_policy_attachment.iam_role_policy_attachment",
            "module.iam.aws_iam_role_policy_attachment.iam_role_policy_attachment_AmazonEKS_CNI_Policy",
            "module.iam.aws_iam_role_policy_attachment.iam_role_policy_attachment_Cloudwatchpermissions",
            "module.iam.aws_iam_role_policy_attachment.iam_role_policy_attachment_ContainerRegistryReadOnly",
            "module.iam.aws_iam_role_policy_attachment.iam_role_policy_attachment_EKSVPCResourceController",
            "module.iam.aws_iam_role_policy_attachment.iam_role_policy_attachment_EKSWorkerNodePolicy",
            "module.iam.aws_iam_role_policy_attachment.iam_role_policy_attachment_autoscalling",
            "module.vpc.aws_subnet.private_subnet_1a",
            "module.vpc.aws_subnet.private_subnet_1b",
            "module.vpc.aws_subnet.private_subnet_1c",
            "module.vpc.aws_subnet.public_subnet_1a",
            "module.vpc.aws_subnet.public_subnet_1b",
            "module.vpc.aws_subnet.public_subnet_1c",
            "module.vpc.aws_vpc.vpc_k8s"
          ]
        }
      ]
    },
    {
      "module": "module.eks",
      "mode": "managed",
      "type": "aws_eks_addon",
      "name": "coredns",
      "provider": "provider[\"registry.terraform.io/hashicorp/aws\"]",
      "instances": [
        {
          "status": "tainted",
          "schema_version": 0,
          "attributes": {
            "addon_name": "coredns",
            "addon_version": null,
            "arn": null,
            "cluster_name": "dev-eks-cluster",
            "configuration_values": null,
            "created_at": null,
            "id": "dev-eks-cluster:coredns",
            "modified_at": null,
            "preserve": null,
            "resolve_conflicts": null,
            "resolve_conflicts_on_create": null,
            "resolve_conflicts_on_update": null,
            "service_account_role_arn": null,
            "tags": null,
            "tags_all": null,
            "timeouts": null
          },
          "sensitive_attributes": [],
          "private": "eyJlMmJmYjczMC1lY2FhLTExZTYtOGY4OC0zNDM2M2JjN2M0YzAiOnsiY3JlYXRlIjoxMjAwMDAwMDAwMDAwLCJkZWxldGUiOjI0MDAwMDAwMDAwMDAsInVwZGF0ZSI6MTIwMDAwMDAwMDAwMH19",
          "dependencies": [
            "module.eks.aws_eks_cluster.eks_cluster",
            "module.eks.aws_eks_node_group.eks_cluster_node_group",
            "module.eks.aws_security_group.security_group_eks",
            "module.iam.aws_iam_policy.cluster_CloudWatchMetric",
            "module.iam.aws_iam_policy.cluster_autoscalling",
            "module.iam.aws_iam_role.iam_role",
            "module.iam.aws_iam_role_policy_attachment.iam_role_policy_attachment",
            "module.iam.aws_iam_role_policy_attachment.iam_role_policy_attachment_AmazonEKS_CNI_Policy",
            "module.iam.aws_iam_role_policy_attachment.iam_role_policy_attachment_Cloudwatchpermissions",
            "module.iam.aws_iam_role_policy_attachment.iam_role_policy_attachment_ContainerRegistryReadOnly",
            "module.iam.aws_iam_role_policy_attachment.iam_role_policy_attachment_EKSVPCResourceController",
            "module.iam.aws_iam_role_policy_attachment.iam_role_policy_attachment_EKSWorkerNodePolicy",
            "module.iam.aws_iam_role_policy_attachment.iam_role_policy_attachment_autoscalling",
            "module.vpc.aws_subnet.private_subnet_1a",
            "module.vpc.aws_subnet.private_subnet_1b",
            "module.vpc.aws_subnet.private_subnet_1c",
            "module.vpc.aws_subnet.public_subnet_1a",
            "module.vpc.aws_subnet.public_subnet_1b",
            "module.vpc.aws_subnet.public_subnet_1c",
            "module.vpc.aws_vpc.vpc_k8s"
          ]
        }
      ]
    },
    {
      "module": "module.eks",
      "mode": "managed",
      "type": "aws_eks_addon",
      "name": "csi_driver",
      "provider": "provider[\"registry.terraform.io/hashicorp/aws\"]",
      "instances": [
        {
          "schema_version": 0,
          "attributes": {
            "addon_name": "aws-ebs-csi-driver",
            "addon_version": "v1.23.0-eksbuild.1",
            "arn": "arn:aws:eks:ap-south-1:944708576171:addon/dev-eks-cluster/aws-ebs-csi-driver/7ec56d16-13a1-2164-f645-9256adca8446",
            "cluster_name": "dev-eks-cluster",
            "configuration_values": "",
            "created_at": "2023-09-28T05:04:01Z",
            "id": "dev-eks-cluster:aws-ebs-csi-driver",
            "modified_at": "2023-09-28T05:04:48Z",
            "preserve": null,
            "resolve_conflicts": null,
            "resolve_conflicts_on_create": null,
            "resolve_conflicts_on_update": null,
            "service_account_role_arn": "",
            "tags": null,
            "tags_all": {},
            "timeouts": null
          },
          "sensitive_attributes": [],
          "private": "eyJlMmJmYjczMC1lY2FhLTExZTYtOGY4OC0zNDM2M2JjN2M0YzAiOnsiY3JlYXRlIjoxMjAwMDAwMDAwMDAwLCJkZWxldGUiOjI0MDAwMDAwMDAwMDAsInVwZGF0ZSI6MTIwMDAwMDAwMDAwMH19",
          "dependencies": [
            "module.eks.aws_eks_cluster.eks_cluster",
            "module.eks.aws_eks_node_group.eks_cluster_node_group",
            "module.eks.aws_security_group.security_group_eks",
            "module.iam.aws_iam_policy.cluster_CloudWatchMetric",
            "module.iam.aws_iam_policy.cluster_autoscalling",
            "module.iam.aws_iam_role.iam_role",
            "module.iam.aws_iam_role_policy_attachment.iam_role_policy_attachment",
            "module.iam.aws_iam_role_policy_attachment.iam_role_policy_attachment_AmazonEKS_CNI_Policy",
            "module.iam.aws_iam_role_policy_attachment.iam_role_policy_attachment_Cloudwatchpermissions",
            "module.iam.aws_iam_role_policy_attachment.iam_role_policy_attachment_ContainerRegistryReadOnly",
            "module.iam.aws_iam_role_policy_attachment.iam_role_policy_attachment_EKSVPCResourceController",
            "module.iam.aws_iam_role_policy_attachment.iam_role_policy_attachment_EKSWorkerNodePolicy",
            "module.iam.aws_iam_role_policy_attachment.iam_role_policy_attachment_autoscalling",
            "module.vpc.aws_subnet.private_subnet_1a",
            "module.vpc.aws_subnet.private_subnet_1b",
            "module.vpc.aws_subnet.private_subnet_1c",
            "module.vpc.aws_subnet.public_subnet_1a",
            "module.vpc.aws_subnet.public_subnet_1b",
            "module.vpc.aws_subnet.public_subnet_1c",
            "module.vpc.aws_vpc.vpc_k8s"
          ]
        }
      ]
    },
    {
      "module": "module.eks",
      "mode": "managed",
      "type": "aws_eks_addon",
      "name": "kubeproxy",
      "provider": "provider[\"registry.terraform.io/hashicorp/aws\"]",
      "instances": [
        {
          "schema_version": 0,
          "attributes": {
            "addon_name": "kube-proxy",
            "addon_version": "v1.27.1-eksbuild.1",
            "arn": "arn:aws:eks:ap-south-1:944708576171:addon/dev-eks-cluster/kube-proxy/62c56d12-2a53-ad79-c20b-3ad4c9c09391",
            "cluster_name": "dev-eks-cluster",
            "configuration_values": "",
            "created_at": "2023-09-28T04:55:28Z",
            "id": "dev-eks-cluster:kube-proxy",
            "modified_at": "2023-09-28T04:55:32Z",
            "preserve": null,
            "resolve_conflicts": null,
            "resolve_conflicts_on_create": null,
            "resolve_conflicts_on_update": null,
            "service_account_role_arn": "",
            "tags": null,
            "tags_all": {},
            "timeouts": null
          },
          "sensitive_attributes": [],
          "private": "eyJlMmJmYjczMC1lY2FhLTExZTYtOGY4OC0zNDM2M2JjN2M0YzAiOnsiY3JlYXRlIjoxMjAwMDAwMDAwMDAwLCJkZWxldGUiOjI0MDAwMDAwMDAwMDAsInVwZGF0ZSI6MTIwMDAwMDAwMDAwMH19",
          "dependencies": [
            "module.eks.aws_eks_cluster.eks_cluster",
            "module.eks.aws_security_group.security_group_eks",
            "module.iam.aws_iam_policy.cluster_CloudWatchMetric",
            "module.iam.aws_iam_policy.cluster_autoscalling",
            "module.iam.aws_iam_role.iam_role",
            "module.iam.aws_iam_role_policy_attachment.iam_role_policy_attachment",
            "module.iam.aws_iam_role_policy_attachment.iam_role_policy_attachment_AmazonEKS_CNI_Policy",
            "module.iam.aws_iam_role_policy_attachment.iam_role_policy_attachment_Cloudwatchpermissions",
            "module.iam.aws_iam_role_policy_attachment.iam_role_policy_attachment_ContainerRegistryReadOnly",
            "module.iam.aws_iam_role_policy_attachment.iam_role_policy_attachment_EKSVPCResourceController",
            "module.iam.aws_iam_role_policy_attachment.iam_role_policy_attachment_EKSWorkerNodePolicy",
            "module.iam.aws_iam_role_policy_attachment.iam_role_policy_attachment_autoscalling",
            "module.vpc.aws_subnet.private_subnet_1a",
            "module.vpc.aws_subnet.private_subnet_1b",
            "module.vpc.aws_subnet.private_subnet_1c",
            "module.vpc.aws_subnet.public_subnet_1a",
            "module.vpc.aws_subnet.public_subnet_1b",
            "module.vpc.aws_subnet.public_subnet_1c",
            "module.vpc.aws_vpc.vpc_k8s"
          ]
        }
      ]
    },
    {
      "module": "module.eks",
      "mode": "managed",
      "type": "aws_eks_cluster",
      "name": "eks_cluster",
      "provider": "provider[\"registry.terraform.io/hashicorp/aws\"]",
      "instances": [
        {
          "schema_version": 0,
          "attributes": {
            "arn": "arn:aws:eks:ap-south-1:944708576171:cluster/dev-eks-cluster",
            "certificate_authority": [
              {
                "data": "LS0tLS1CRUdJTiBDRVJUSUZJQ0FURS0tLS0tCk1JSURCVENDQWUyZ0F3SUJBZ0lJWjg2ejdSamQvY2N3RFFZSktvWklodmNOQVFFTEJRQXdGVEVUTUJFR0ExVUUKQXhNS2EzVmlaWEp1WlhSbGN6QWVGdzB5TXpBNU1qZ3dORFV4TlRsYUZ3MHpNekE1TWpVd05EVXhOVGxhTUJVeApFekFSQmdOVkJBTVRDbXQxWW1WeWJtVjBaWE13Z2dFaU1BMEdDU3FHU0liM0RRRUJBUVVBQTRJQkR3QXdnZ0VLCkFvSUJBUUMxQ2FUTDM1VXpRM0pZcE9vdEp1akJ0ZlRHbjIvSG1oVnA2WW9OcXZENnpnbUdiT204ZGpCUmhvYm4KUmY2QUVlUUhuUUVTendxcFg3NFBwUkxMQmJVQVBVZGRCYlR0bCtaRndJWkxnUDBXWHZPL2h0MzdBODBWcndVdwpFVk5QdWRXenZsRWtRclVJNHNhWjh4cVQ1Z1BEUjVXOEVyb216VTFobkxqY1V0SVZVR3Bxa2lJMktaUTA5d2dzCksxZ1NsMXpHQnlFT28vOW5VNVp1Q01ZQ0R0K3p1M21TVjFOd2k3WCs1SHBlU3ZVOU9CenFYa1FMWXZiSHFidFIKU0NweGs0ZXpzWVQwOFdsY01mQTJ6L09oRytmbHRDUU5CQUFvT21oMzJCWmtKcGhRd0V0ZWc0akVDM1dOUVhyRgpjQkRlZFQ0eGNEOUtaOEF1RTZoMW4vRFExUkZMQWdNQkFBR2pXVEJYTUE0R0ExVWREd0VCL3dRRUF3SUNwREFQCkJnTlZIUk1CQWY4RUJUQURBUUgvTUIwR0ExVWREZ1FXQkJUWGxTZHBHbjBwM09vVG5UYXpnQkgrRnNQdWhEQVYKQmdOVkhSRUVEakFNZ2dwcmRXSmxjbTVsZEdWek1BMEdDU3FHU0liM0RRRUJDd1VBQTRJQkFRQmtjd1E3UlBheQpTRzJsZGgzZ1dZMWUyTDRjcldkaTMwYTVZd2prRTA1aXI2Yy9qQkF5bkloY1dSS2Q1cUwwbFRxLytoeExmSHMwCms4S2VZZnBXcXRmK0lLa3kvb3Q4TnQ5cW51bVg2SE16ckpkMFh5YllQMzlXVEtxOEgyU3B4NXJKMFRmQjl1a1kKMTVvQWR6MkdEcHM2czcxOTU2ckZLQ0oyTGk4T3FLZElyR04zWk5xU2xML01FMXl1OXY5SG82clZxMEttWHFENQoxL2liV2liU1RKRnZoVVVPSUovNUVaMmcwRC9kbU9LcG5na3ZxbzVRekh5MkR0dWV6U2RJSU9CMFV0djVkWWNCCkNyVmZyNTNzUldyQmZZamh6bkIxbmNOUHVOejBTUU8yUTlXVkFkd3QvWXhLbnZ2aWwwRUg2YUNOMUZjYkcralUKUzhkSEJEOTUwT1FiCi0tLS0tRU5EIENFUlRJRklDQVRFLS0tLS0K"
              }
            ],
            "cluster_id": null,
            "created_at": "2023-09-28 04:47:28.823 +0000 UTC",
            "enabled_cluster_log_types": null,
            "encryption_config": [],
            "endpoint": "https://CEDC085B84F3C78D8500FFAE6D0208EA.gr7.ap-south-1.eks.amazonaws.com",
            "id": "dev-eks-cluster",
            "identity": [
              {
                "oidc": [
                  {
                    "issuer": "https://oidc.eks.ap-south-1.amazonaws.com/id/CEDC085B84F3C78D8500FFAE6D0208EA"
                  }
                ]
              }
            ],
            "kubernetes_network_config": [
              {
                "ip_family": "ipv4",
                "service_ipv4_cidr": "172.20.0.0/16",
                "service_ipv6_cidr": ""
              }
            ],
            "name": "dev-eks-cluster",
            "outpost_config": [],
            "platform_version": "eks.5",
            "role_arn": "arn:aws:iam::944708576171:role/dev-eks-cluster-role",
            "status": "ACTIVE",
            "tags": null,
            "tags_all": {},
            "timeouts": null,
            "version": "1.27",
            "vpc_config": [
              {
                "cluster_security_group_id": "sg-09e93a59f9c20f495",
                "endpoint_private_access": false,
                "endpoint_public_access": true,
                "public_access_cidrs": [
                  "0.0.0.0/0"
                ],
                "security_group_ids": [
                  "sg-02c8789c2b69453a1"
                ],
                "subnet_ids": [
                  "subnet-0821579ba7ded420e",
                  "subnet-0a7eaebf7283b4673",
                  "subnet-0b0df2f3ce7b78784",
                  "subnet-0bb9f8014c241d829",
                  "subnet-0bbdb2a17fac0de64",
                  "subnet-0d2d9ad72acde8842"
                ],
                "vpc_id": "vpc-00ee072577583b891"
              }
            ]
          },
          "sensitive_attributes": [],
          "private": "eyJlMmJmYjczMC1lY2FhLTExZTYtOGY4OC0zNDM2M2JjN2M0YzAiOnsiY3JlYXRlIjoxODAwMDAwMDAwMDAwLCJkZWxldGUiOjkwMDAwMDAwMDAwMCwidXBkYXRlIjozNjAwMDAwMDAwMDAwfX0=",
          "dependencies": [
            "module.eks.aws_security_group.security_group_eks",
            "module.iam.aws_iam_policy.cluster_CloudWatchMetric",
            "module.iam.aws_iam_policy.cluster_autoscalling",
            "module.iam.aws_iam_role.iam_role",
            "module.iam.aws_iam_role_policy_attachment.iam_role_policy_attachment",
            "module.iam.aws_iam_role_policy_attachment.iam_role_policy_attachment_AmazonEKS_CNI_Policy",
            "module.iam.aws_iam_role_policy_attachment.iam_role_policy_attachment_Cloudwatchpermissions",
            "module.iam.aws_iam_role_policy_attachment.iam_role_policy_attachment_ContainerRegistryReadOnly",
            "module.iam.aws_iam_role_policy_attachment.iam_role_policy_attachment_EKSVPCResourceController",
            "module.iam.aws_iam_role_policy_attachment.iam_role_policy_attachment_EKSWorkerNodePolicy",
            "module.iam.aws_iam_role_policy_attachment.iam_role_policy_attachment_autoscalling",
            "module.vpc.aws_subnet.private_subnet_1a",
            "module.vpc.aws_subnet.private_subnet_1b",
            "module.vpc.aws_subnet.private_subnet_1c",
            "module.vpc.aws_subnet.public_subnet_1a",
            "module.vpc.aws_subnet.public_subnet_1b",
            "module.vpc.aws_subnet.public_subnet_1c",
            "module.vpc.aws_vpc.vpc_k8s"
          ]
        }
      ]
    },
    {
      "module": "module.eks",
      "mode": "managed",
      "type": "aws_eks_node_group",
      "name": "eks_cluster_node_group",
      "provider": "provider[\"registry.terraform.io/hashicorp/aws\"]",
      "instances": [
        {
          "index_key": 0,
          "schema_version": 0,
          "attributes": {
            "ami_type": "AL2_x86_64",
            "arn": "arn:aws:eks:ap-south-1:944708576171:nodegroup/dev-eks-cluster/chat-api-ON_DEMAND-eks-node/06c56d12-2a95-e7f8-74c3-692c2cabe368",
            "capacity_type": "ON_DEMAND",
            "cluster_name": "dev-eks-cluster",
            "disk_size": 50,
            "force_update_version": null,
            "id": "dev-eks-cluster:chat-api-ON_DEMAND-eks-node",
            "instance_types": [
              "t2.small",
              "t2.micro"
            ],
            "labels": {
              "nodegroup": "chat-api",
              "type_of_nodegroup": "on_demand"
            },
            "launch_template": [],
            "node_group_name": "chat-api-ON_DEMAND-eks-node",
            "node_group_name_prefix": "",
            "node_role_arn": "arn:aws:iam::944708576171:role/dev-eks-cluster-role",
            "release_version": "1.27.5-20230919",
            "remote_access": [],
            "resources": [
              {
                "autoscaling_groups": [
                  {
                    "name": "eks-chat-api-ON_DEMAND-eks-node-06c56d12-2a95-e7f8-74c3-692c2cabe368"
                  }
                ],
                "remote_access_security_group_id": ""
              }
            ],
            "scaling_config": [
              {
                "desired_size": 1,
                "max_size": 5,
                "min_size": 1
              }
            ],
            "status": "ACTIVE",
            "subnet_ids": [
              "subnet-0821579ba7ded420e",
              "subnet-0a7eaebf7283b4673",
              "subnet-0b0df2f3ce7b78784",
              "subnet-0bb9f8014c241d829",
              "subnet-0bbdb2a17fac0de64",
              "subnet-0d2d9ad72acde8842"
            ],
            "tags": {
              "Name": "chat-api-ON_DEMAND-eks-node",
              "env": "dev"
            },
            "tags_all": {
              "Name": "chat-api-ON_DEMAND-eks-node",
              "env": "dev"
            },
            "taint": [],
            "timeouts": null,
            "update_config": [
              {
                "max_unavailable": 1,
                "max_unavailable_percentage": 0
              }
            ],
            "version": "1.27"
          },
          "sensitive_attributes": [],
          "private": "eyJlMmJmYjczMC1lY2FhLTExZTYtOGY4OC0zNDM2M2JjN2M0YzAiOnsiY3JlYXRlIjozNjAwMDAwMDAwMDAwLCJkZWxldGUiOjM2MDAwMDAwMDAwMDAsInVwZGF0ZSI6MzYwMDAwMDAwMDAwMH19",
          "dependencies": [
            "module.eks.aws_eks_cluster.eks_cluster",
            "module.eks.aws_security_group.security_group_eks",
            "module.iam.aws_iam_policy.cluster_CloudWatchMetric",
            "module.iam.aws_iam_policy.cluster_autoscalling",
            "module.iam.aws_iam_role.iam_role",
            "module.iam.aws_iam_role_policy_attachment.iam_role_policy_attachment",
            "module.iam.aws_iam_role_policy_attachment.iam_role_policy_attachment_AmazonEKS_CNI_Policy",
            "module.iam.aws_iam_role_policy_attachment.iam_role_policy_attachment_Cloudwatchpermissions",
            "module.iam.aws_iam_role_policy_attachment.iam_role_policy_attachment_ContainerRegistryReadOnly",
            "module.iam.aws_iam_role_policy_attachment.iam_role_policy_attachment_EKSVPCResourceController",
            "module.iam.aws_iam_role_policy_attachment.iam_role_policy_attachment_EKSWorkerNodePolicy",
            "module.iam.aws_iam_role_policy_attachment.iam_role_policy_attachment_autoscalling",
            "module.vpc.aws_subnet.private_subnet_1a",
            "module.vpc.aws_subnet.private_subnet_1b",
            "module.vpc.aws_subnet.private_subnet_1c",
            "module.vpc.aws_subnet.public_subnet_1a",
            "module.vpc.aws_subnet.public_subnet_1b",
            "module.vpc.aws_subnet.public_subnet_1c",
            "module.vpc.aws_vpc.vpc_k8s"
          ]
        },
        {
          "index_key": 1,
          "schema_version": 0,
          "attributes": {
            "ami_type": "AL2_x86_64",
            "arn": "arn:aws:eks:ap-south-1:944708576171:nodegroup/dev-eks-cluster/liu-v2-ON_DEMAND-eks-node/54c56d12-2a5a-b444-7dc5-c54e8472f0ef",
            "capacity_type": "ON_DEMAND",
            "cluster_name": "dev-eks-cluster",
            "disk_size": 50,
            "force_update_version": null,
            "id": "dev-eks-cluster:liu-v2-ON_DEMAND-eks-node",
            "instance_types": [
              "t3.small",
              "t3.micro"
            ],
            "labels": {
              "nodegroup": "liu-v2",
              "type_of_nodegroup": "on_demand"
            },
            "launch_template": [],
            "node_group_name": "liu-v2-ON_DEMAND-eks-node",
            "node_group_name_prefix": "",
            "node_role_arn": "arn:aws:iam::944708576171:role/dev-eks-cluster-role",
            "release_version": "1.27.5-20230919",
            "remote_access": [],
            "resources": [
              {
                "autoscaling_groups": [
                  {
                    "name": "eks-liu-v2-ON_DEMAND-eks-node-54c56d12-2a5a-b444-7dc5-c54e8472f0ef"
                  }
                ],
                "remote_access_security_group_id": ""
              }
            ],
            "scaling_config": [
              {
                "desired_size": 1,
                "max_size": 5,
                "min_size": 1
              }
            ],
            "status": "ACTIVE",
            "subnet_ids": [
              "subnet-0821579ba7ded420e",
              "subnet-0a7eaebf7283b4673",
              "subnet-0b0df2f3ce7b78784",
              "subnet-0bb9f8014c241d829",
              "subnet-0bbdb2a17fac0de64",
              "subnet-0d2d9ad72acde8842"
            ],
            "tags": {
              "Name": "liu-v2-ON_DEMAND-eks-node",
              "env": "dev"
            },
            "tags_all": {
              "Name": "liu-v2-ON_DEMAND-eks-node",
              "env": "dev"
            },
            "taint": [],
            "timeouts": null,
            "update_config": [
              {
                "max_unavailable": 1,
                "max_unavailable_percentage": 0
              }
            ],
            "version": "1.27"
          },
          "sensitive_attributes": [],
          "private": "eyJlMmJmYjczMC1lY2FhLTExZTYtOGY4OC0zNDM2M2JjN2M0YzAiOnsiY3JlYXRlIjozNjAwMDAwMDAwMDAwLCJkZWxldGUiOjM2MDAwMDAwMDAwMDAsInVwZGF0ZSI6MzYwMDAwMDAwMDAwMH19",
          "dependencies": [
            "module.eks.aws_eks_cluster.eks_cluster",
            "module.eks.aws_security_group.security_group_eks",
            "module.iam.aws_iam_policy.cluster_CloudWatchMetric",
            "module.iam.aws_iam_policy.cluster_autoscalling",
            "module.iam.aws_iam_role.iam_role",
            "module.iam.aws_iam_role_policy_attachment.iam_role_policy_attachment",
            "module.iam.aws_iam_role_policy_attachment.iam_role_policy_attachment_AmazonEKS_CNI_Policy",
            "module.iam.aws_iam_role_policy_attachment.iam_role_policy_attachment_Cloudwatchpermissions",
            "module.iam.aws_iam_role_policy_attachment.iam_role_policy_attachment_ContainerRegistryReadOnly",
            "module.iam.aws_iam_role_policy_attachment.iam_role_policy_attachment_EKSVPCResourceController",
            "module.iam.aws_iam_role_policy_attachment.iam_role_policy_attachment_EKSWorkerNodePolicy",
            "module.iam.aws_iam_role_policy_attachment.iam_role_policy_attachment_autoscalling",
            "module.vpc.aws_subnet.private_subnet_1a",
            "module.vpc.aws_subnet.private_subnet_1b",
            "module.vpc.aws_subnet.private_subnet_1c",
            "module.vpc.aws_subnet.public_subnet_1a",
            "module.vpc.aws_subnet.public_subnet_1b",
            "module.vpc.aws_subnet.public_subnet_1c",
            "module.vpc.aws_vpc.vpc_k8s"
          ]
        },
        {
          "index_key": 2,
          "schema_version": 0,
          "attributes": {
            "ami_type": "AL2_x86_64",
            "arn": "arn:aws:eks:ap-south-1:944708576171:nodegroup/dev-eks-cluster/ivory-ON_DEMAND-eks-node/bac56d12-2a5b-07a2-73aa-6d0d4a2a7dd0",
            "capacity_type": "ON_DEMAND",
            "cluster_name": "dev-eks-cluster",
            "disk_size": 50,
            "force_update_version": null,
            "id": "dev-eks-cluster:ivory-ON_DEMAND-eks-node",
            "instance_types": [
              "t2.small",
              "t2.micro"
            ],
            "labels": {
              "nodegroup": "ivory",
              "type_of_nodegroup": "on_demand"
            },
            "launch_template": [],
            "node_group_name": "ivory-ON_DEMAND-eks-node",
            "node_group_name_prefix": "",
            "node_role_arn": "arn:aws:iam::944708576171:role/dev-eks-cluster-role",
            "release_version": "1.27.5-20230919",
            "remote_access": [],
            "resources": [
              {
                "autoscaling_groups": [
                  {
                    "name": "eks-ivory-ON_DEMAND-eks-node-bac56d12-2a5b-07a2-73aa-6d0d4a2a7dd0"
                  }
                ],
                "remote_access_security_group_id": ""
              }
            ],
            "scaling_config": [
              {
                "desired_size": 1,
                "max_size": 5,
                "min_size": 1
              }
            ],
            "status": "ACTIVE",
            "subnet_ids": [
              "subnet-0821579ba7ded420e",
              "subnet-0a7eaebf7283b4673",
              "subnet-0b0df2f3ce7b78784",
              "subnet-0bb9f8014c241d829",
              "subnet-0bbdb2a17fac0de64",
              "subnet-0d2d9ad72acde8842"
            ],
            "tags": {
              "Name": "ivory-ON_DEMAND-eks-node",
              "env": "dev"
            },
            "tags_all": {
              "Name": "ivory-ON_DEMAND-eks-node",
              "env": "dev"
            },
            "taint": [],
            "timeouts": null,
            "update_config": [
              {
                "max_unavailable": 1,
                "max_unavailable_percentage": 0
              }
            ],
            "version": "1.27"
          },
          "sensitive_attributes": [],
          "private": "eyJlMmJmYjczMC1lY2FhLTExZTYtOGY4OC0zNDM2M2JjN2M0YzAiOnsiY3JlYXRlIjozNjAwMDAwMDAwMDAwLCJkZWxldGUiOjM2MDAwMDAwMDAwMDAsInVwZGF0ZSI6MzYwMDAwMDAwMDAwMH19",
          "dependencies": [
            "module.eks.aws_eks_cluster.eks_cluster",
            "module.eks.aws_security_group.security_group_eks",
            "module.iam.aws_iam_policy.cluster_CloudWatchMetric",
            "module.iam.aws_iam_policy.cluster_autoscalling",
            "module.iam.aws_iam_role.iam_role",
            "module.iam.aws_iam_role_policy_attachment.iam_role_policy_attachment",
            "module.iam.aws_iam_role_policy_attachment.iam_role_policy_attachment_AmazonEKS_CNI_Policy",
            "module.iam.aws_iam_role_policy_attachment.iam_role_policy_attachment_Cloudwatchpermissions",
            "module.iam.aws_iam_role_policy_attachment.iam_role_policy_attachment_ContainerRegistryReadOnly",
            "module.iam.aws_iam_role_policy_attachment.iam_role_policy_attachment_EKSVPCResourceController",
            "module.iam.aws_iam_role_policy_attachment.iam_role_policy_attachment_EKSWorkerNodePolicy",
            "module.iam.aws_iam_role_policy_attachment.iam_role_policy_attachment_autoscalling",
            "module.vpc.aws_subnet.private_subnet_1a",
            "module.vpc.aws_subnet.private_subnet_1b",
            "module.vpc.aws_subnet.private_subnet_1c",
            "module.vpc.aws_subnet.public_subnet_1a",
            "module.vpc.aws_subnet.public_subnet_1b",
            "module.vpc.aws_subnet.public_subnet_1c",
            "module.vpc.aws_vpc.vpc_k8s"
          ]
        }
      ]
    },
    {
      "module": "module.eks",
      "mode": "managed",
      "type": "aws_iam_openid_connect_provider",
      "name": "open_id",
      "provider": "provider[\"registry.terraform.io/hashicorp/aws\"]",
      "instances": [
        {
          "schema_version": 0,
          "attributes": {
            "arn": "arn:aws:iam::944708576171:oidc-provider/oidc.eks.ap-south-1.amazonaws.com/id/CEDC085B84F3C78D8500FFAE6D0208EA",
            "client_id_list": [
              "sts.amazonaws.com"
            ],
            "id": "arn:aws:iam::944708576171:oidc-provider/oidc.eks.ap-south-1.amazonaws.com/id/CEDC085B84F3C78D8500FFAE6D0208EA",
            "tags": null,
            "tags_all": {},
            "thumbprint_list": [
              "9e99a48a9960b14926bb7f3b02e22da2b0ab7280"
            ],
            "url": "oidc.eks.ap-south-1.amazonaws.com/id/CEDC085B84F3C78D8500FFAE6D0208EA"
          },
          "sensitive_attributes": [],
          "private": "bnVsbA==",
          "dependencies": [
            "module.eks.aws_eks_cluster.eks_cluster",
            "module.eks.aws_security_group.security_group_eks",
            "module.eks.data.tls_certificate.tls",
            "module.iam.aws_iam_policy.cluster_CloudWatchMetric",
            "module.iam.aws_iam_policy.cluster_autoscalling",
            "module.iam.aws_iam_role.iam_role",
            "module.iam.aws_iam_role_policy_attachment.iam_role_policy_attachment",
            "module.iam.aws_iam_role_policy_attachment.iam_role_policy_attachment_AmazonEKS_CNI_Policy",
            "module.iam.aws_iam_role_policy_attachment.iam_role_policy_attachment_Cloudwatchpermissions",
            "module.iam.aws_iam_role_policy_attachment.iam_role_policy_attachment_ContainerRegistryReadOnly",
            "module.iam.aws_iam_role_policy_attachment.iam_role_policy_attachment_EKSVPCResourceController",
            "module.iam.aws_iam_role_policy_attachment.iam_role_policy_attachment_EKSWorkerNodePolicy",
            "module.iam.aws_iam_role_policy_attachment.iam_role_policy_attachment_autoscalling",
            "module.vpc.aws_subnet.private_subnet_1a",
            "module.vpc.aws_subnet.private_subnet_1b",
            "module.vpc.aws_subnet.private_subnet_1c",
            "module.vpc.aws_subnet.public_subnet_1a",
            "module.vpc.aws_subnet.public_subnet_1b",
            "module.vpc.aws_subnet.public_subnet_1c",
            "module.vpc.aws_vpc.vpc_k8s"
          ]
        }
      ]
    },
    {
      "module": "module.eks",
      "mode": "managed",
      "type": "aws_security_group",
      "name": "security_group_eks",
      "provider": "provider[\"registry.terraform.io/hashicorp/aws\"]",
      "instances": [
        {
          "schema_version": 1,
          "attributes": {
            "arn": "arn:aws:ec2:ap-south-1:944708576171:security-group/sg-02c8789c2b69453a1",
            "description": "Allow all inbound traffic",
            "egress": [
              {
                "cidr_blocks": [
                  "0.0.0.0/0"
                ],
                "description": "",
                "from_port": 0,
                "ipv6_cidr_blocks": [],
                "prefix_list_ids": [],
                "protocol": "-1",
                "security_groups": [],
                "self": false,
                "to_port": 0
              }
            ],
            "id": "sg-02c8789c2b69453a1",
            "ingress": [
              {
                "cidr_blocks": [
                  "10.10.0.0/16"
                ],
                "description": "",
                "from_port": 0,
                "ipv6_cidr_blocks": [],
                "prefix_list_ids": [],
                "protocol": "-1",
                "security_groups": [],
                "self": false,
                "to_port": 0
              }
            ],
            "name": "dev-eks-allow-all",
            "name_prefix": "",
            "owner_id": "944708576171",
            "revoke_rules_on_delete": false,
            "tags": {
              "Name": "dev-sg",
              "env": "dev"
            },
            "tags_all": {
              "Name": "dev-sg",
              "env": "dev"
            },
            "timeouts": null,
            "vpc_id": "vpc-00ee072577583b891"
          },
          "sensitive_attributes": [],
          "private": "eyJlMmJmYjczMC1lY2FhLTExZTYtOGY4OC0zNDM2M2JjN2M0YzAiOnsiY3JlYXRlIjo2MDAwMDAwMDAwMDAsImRlbGV0ZSI6OTAwMDAwMDAwMDAwfSwic2NoZW1hX3ZlcnNpb24iOiIxIn0=",
          "dependencies": [
            "module.iam.aws_iam_policy.cluster_CloudWatchMetric",
            "module.iam.aws_iam_policy.cluster_autoscalling",
            "module.iam.aws_iam_role.iam_role",
            "module.iam.aws_iam_role_policy_attachment.iam_role_policy_attachment",
            "module.iam.aws_iam_role_policy_attachment.iam_role_policy_attachment_AmazonEKS_CNI_Policy",
            "module.iam.aws_iam_role_policy_attachment.iam_role_policy_attachment_Cloudwatchpermissions",
            "module.iam.aws_iam_role_policy_attachment.iam_role_policy_attachment_ContainerRegistryReadOnly",
            "module.iam.aws_iam_role_policy_attachment.iam_role_policy_attachment_EKSVPCResourceController",
            "module.iam.aws_iam_role_policy_attachment.iam_role_policy_attachment_EKSWorkerNodePolicy",
            "module.iam.aws_iam_role_policy_attachment.iam_role_policy_attachment_autoscalling",
            "module.vpc.aws_vpc.vpc_k8s"
          ]
        }
      ]
    },
    {
      "module": "module.iam",
      "mode": "managed",
      "type": "aws_iam_policy",
      "name": "cluster_CloudWatchMetric",
      "provider": "provider[\"registry.terraform.io/hashicorp/aws\"]",
      "instances": [
        {
          "schema_version": 0,
          "attributes": {
            "arn": "arn:aws:iam::944708576171:policy/dev-CloudWatchMetric",
            "description": "cluster-CloudWatch Metric permissions",
            "id": "arn:aws:iam::944708576171:policy/dev-CloudWatchMetric",
            "name": "dev-CloudWatchMetric",
            "name_prefix": "",
            "path": "/",
            "policy": "{\"Statement\":[{\"Action\":[\"cloudwatch:PutMetricData\",\"ec2:DescribeVolumes\",\"ec2:DescribeTags\",\"logs:PutLogEvents\",\"logs:DescribeLogStreams\",\"logs:DescribeLogGroups\",\"logs:CreateLogStream\",\"logs:CreateLogGroup\"],\"Effect\":\"Allow\",\"Resource\":\"*\"},{\"Action\":[\"ssm:GetParameter\"],\"Effect\":\"Allow\",\"Resource\":\"arn:aws:ssm:::parameter/AmazonCloudWatch-*\"}],\"Version\":\"2012-10-17\"}",
            "policy_id": "ANPA5X5IE4OVVRZU5T724",
            "tags": null,
            "tags_all": {}
          },
          "sensitive_attributes": [],
          "private": "bnVsbA=="
        }
      ]
    },
    {
      "module": "module.iam",
      "mode": "managed",
      "type": "aws_iam_policy",
      "name": "cluster_autoscalling",
      "provider": "provider[\"registry.terraform.io/hashicorp/aws\"]",
      "instances": [
        {
          "schema_version": 0,
          "attributes": {
            "arn": "arn:aws:iam::944708576171:policy/dev-cluster_autoscalling",
            "description": "cluster_autoscalling",
            "id": "arn:aws:iam::944708576171:policy/dev-cluster_autoscalling",
            "name": "dev-cluster_autoscalling",
            "name_prefix": "",
            "path": "/",
            "policy": "{\"Statement\":[{\"Action\":[\"autoscaling:DescribeAutoScalingGroups\",\"autoscaling:DescribeAutoScalingInstances\",\"autoscaling:DescribeLaunchConfigurations\",\"autoscaling:DescribeTags\",\"autoscaling:SetDesiredCapacity\",\"autoscaling:TerminateInstanceInAutoScalingGroup\",\"ec2:DescribeLaunchTemplateVersions\"],\"Effect\":\"Allow\",\"Resource\":\"*\"}],\"Version\":\"2012-10-17\"}",
            "policy_id": "ANPA5X5IE4OVRFUSO6NQZ",
            "tags": null,
            "tags_all": {}
          },
          "sensitive_attributes": [],
          "private": "bnVsbA=="
        }
      ]
    },
    {
      "module": "module.iam",
      "mode": "managed",
      "type": "aws_iam_role",
      "name": "iam_role",
      "provider": "provider[\"registry.terraform.io/hashicorp/aws\"]",
      "instances": [
        {
          "schema_version": 0,
          "attributes": {
            "arn": "arn:aws:iam::944708576171:role/dev-eks-cluster-role",
            "assume_role_policy": "{\"Statement\":[{\"Action\":\"sts:AssumeRole\",\"Effect\":\"Allow\",\"Principal\":{\"Service\":[\"ec2.amazonaws.com\",\"eks.amazonaws.com\"]}}],\"Version\":\"2012-10-17\"}",
            "create_date": "2023-09-28T04:46:58Z",
            "description": "",
            "force_detach_policies": false,
            "id": "dev-eks-cluster-role",
            "inline_policy": [],
            "managed_policy_arns": [],
            "max_session_duration": 3600,
            "name": "dev-eks-cluster-role",
            "name_prefix": "",
            "path": "/",
            "permissions_boundary": null,
            "tags": null,
            "tags_all": {},
            "unique_id": "AROA5X5IE4OV3HCLUEHRS"
          },
          "sensitive_attributes": [],
          "private": "bnVsbA=="
        }
      ]
    },
    {
      "module": "module.iam",
      "mode": "managed",
      "type": "aws_iam_role_policy_attachment",
      "name": "iam_role_policy_attachment",
      "provider": "provider[\"registry.terraform.io/hashicorp/aws\"]",
      "instances": [
        {
          "schema_version": 0,
          "attributes": {
            "id": "dev-eks-cluster-role-20230928044700210300000006",
            "policy_arn": "arn:aws:iam::aws:policy/AmazonEKSClusterPolicy",
            "role": "dev-eks-cluster-role"
          },
          "sensitive_attributes": [],
          "private": "bnVsbA==",
          "dependencies": [
            "module.iam.aws_iam_role.iam_role"
          ]
        }
      ]
    },
    {
      "module": "module.iam",
      "mode": "managed",
      "type": "aws_iam_role_policy_attachment",
      "name": "iam_role_policy_attachment_AmazonEKS_CNI_Policy",
      "provider": "provider[\"registry.terraform.io/hashicorp/aws\"]",
      "instances": [
        {
          "schema_version": 0,
          "attributes": {
            "id": "dev-eks-cluster-role-20230928044700177300000004",
            "policy_arn": "arn:aws:iam::aws:policy/AmazonEKS_CNI_Policy",
            "role": "dev-eks-cluster-role"
          },
          "sensitive_attributes": [],
          "private": "bnVsbA==",
          "dependencies": [
            "module.iam.aws_iam_role.iam_role"
          ]
        }
      ]
    },
    {
      "module": "module.iam",
      "mode": "managed",
      "type": "aws_iam_role_policy_attachment",
      "name": "iam_role_policy_attachment_Cloudwatchpermissions",
      "provider": "provider[\"registry.terraform.io/hashicorp/aws\"]",
      "instances": [
        {
          "schema_version": 0,
          "attributes": {
            "id": "dev-eks-cluster-role-20230928044659853700000002",
            "policy_arn": "arn:aws:iam::944708576171:policy/dev-CloudWatchMetric",
            "role": "dev-eks-cluster-role"
          },
          "sensitive_attributes": [],
          "private": "bnVsbA==",
          "dependencies": [
            "module.iam.aws_iam_policy.cluster_CloudWatchMetric",
            "module.iam.aws_iam_role.iam_role"
          ]
        }
      ]
    },
    {
      "module": "module.iam",
      "mode": "managed",
      "type": "aws_iam_role_policy_attachment",
      "name": "iam_role_policy_attachment_ContainerRegistryReadOnly",
      "provider": "provider[\"registry.terraform.io/hashicorp/aws\"]",
      "instances": [
        {
          "schema_version": 0,
          "attributes": {
            "id": "dev-eks-cluster-role-20230928044659837400000001",
            "policy_arn": "arn:aws:iam::aws:policy/AmazonEC2ContainerRegistryReadOnly",
            "role": "dev-eks-cluster-role"
          },
          "sensitive_attributes": [],
          "private": "bnVsbA==",
          "dependencies": [
            "module.iam.aws_iam_role.iam_role"
          ]
        }
      ]
    },
    {
      "module": "module.iam",
      "mode": "managed",
      "type": "aws_iam_role_policy_attachment",
      "name": "iam_role_policy_attachment_EKSVPCResourceController",
      "provider": "provider[\"registry.terraform.io/hashicorp/aws\"]",
      "instances": [
        {
          "schema_version": 0,
          "attributes": {
            "id": "dev-eks-cluster-role-20230928044700195800000005",
            "policy_arn": "arn:aws:iam::aws:policy/AmazonEKSVPCResourceController",
            "role": "dev-eks-cluster-role"
          },
          "sensitive_attributes": [],
          "private": "bnVsbA==",
          "dependencies": [
            "module.iam.aws_iam_role.iam_role"
          ]
        }
      ]
    },
    {
      "module": "module.iam",
      "mode": "managed",
      "type": "aws_iam_role_policy_attachment",
      "name": "iam_role_policy_attachment_EKSWorkerNodePolicy",
      "provider": "provider[\"registry.terraform.io/hashicorp/aws\"]",
      "instances": [
        {
          "schema_version": 0,
          "attributes": {
            "id": "dev-eks-cluster-role-20230928044659858600000003",
            "policy_arn": "arn:aws:iam::aws:policy/AmazonEKSWorkerNodePolicy",
            "role": "dev-eks-cluster-role"
          },
          "sensitive_attributes": [],
          "private": "bnVsbA==",
          "dependencies": [
            "module.iam.aws_iam_role.iam_role"
          ]
        }
      ]
    },
    {
      "module": "module.iam",
      "mode": "managed",
      "type": "aws_iam_role_policy_attachment",
      "name": "iam_role_policy_attachment_autoscalling",
      "provider": "provider[\"registry.terraform.io/hashicorp/aws\"]",
      "instances": [
        {
          "schema_version": 0,
          "attributes": {
            "id": "dev-eks-cluster-role-20230928044700498400000007",
            "policy_arn": "arn:aws:iam::944708576171:policy/dev-cluster_autoscalling",
            "role": "dev-eks-cluster-role"
          },
          "sensitive_attributes": [],
          "private": "bnVsbA==",
          "dependencies": [
            "module.iam.aws_iam_policy.cluster_autoscalling",
            "module.iam.aws_iam_role.iam_role"
          ]
        }
      ]
    },
    {
      "module": "module.vpc",
      "mode": "managed",
      "type": "aws_eip",
      "name": "ngw_k8s",
      "provider": "provider[\"registry.terraform.io/hashicorp/aws\"]",
      "instances": [
        {
          "schema_version": 0,
          "attributes": {
            "address": null,
            "allocation_id": "eipalloc-0895507efa8795764",
            "associate_with_private_ip": null,
            "association_id": "",
            "carrier_ip": "",
            "customer_owned_ip": "",
            "customer_owned_ipv4_pool": "",
            "domain": "vpc",
            "id": "eipalloc-0895507efa8795764",
            "instance": "",
            "network_border_group": "ap-south-1",
            "network_interface": "",
            "private_dns": null,
            "private_ip": "",
            "public_dns": "ec2-13-200-68-114.ap-south-1.compute.amazonaws.com",
            "public_ip": "13.200.68.114",
            "public_ipv4_pool": "amazon",
            "tags": {
              "Name": "dev-k8s-ngw",
              "env": "dev",
              "project": "dev"
            },
            "tags_all": {
              "Name": "dev-k8s-ngw",
              "env": "dev",
              "project": "dev"
            },
            "timeouts": null,
            "vpc": true
          },
          "sensitive_attributes": [],
          "private": "eyJlMmJmYjczMC1lY2FhLTExZTYtOGY4OC0zNDM2M2JjN2M0YzAiOnsiZGVsZXRlIjoxODAwMDAwMDAwMDAsInJlYWQiOjkwMDAwMDAwMDAwMCwidXBkYXRlIjozMDAwMDAwMDAwMDB9fQ=="
        }
      ]
    },
    {
      "module": "module.vpc",
      "mode": "managed",
      "type": "aws_internet_gateway",
      "name": "igw_k8s",
      "provider": "provider[\"registry.terraform.io/hashicorp/aws\"]",
      "instances": [
        {
          "schema_version": 0,
          "attributes": {
            "arn": "arn:aws:ec2:ap-south-1:944708576171:internet-gateway/igw-0bca0a88d53dda45f",
            "id": "igw-0bca0a88d53dda45f",
            "owner_id": "944708576171",
            "tags": {
              "Name": "dev-k8s-igw",
              "env": "dev",
              "project": "dev"
            },
            "tags_all": {
              "Name": "dev-k8s-igw",
              "env": "dev",
              "project": "dev"
            },
            "timeouts": null,
            "vpc_id": "vpc-00ee072577583b891"
          },
          "sensitive_attributes": [],
          "private": "eyJlMmJmYjczMC1lY2FhLTExZTYtOGY4OC0zNDM2M2JjN2M0YzAiOnsiY3JlYXRlIjoxMjAwMDAwMDAwMDAwLCJkZWxldGUiOjEyMDAwMDAwMDAwMDAsInVwZGF0ZSI6MTIwMDAwMDAwMDAwMH19",
          "dependencies": [
            "module.vpc.aws_vpc.vpc_k8s"
          ]
        }
      ]
    },
    {
      "module": "module.vpc",
      "mode": "managed",
      "type": "aws_nat_gateway",
      "name": "ngw_k8s",
      "provider": "provider[\"registry.terraform.io/hashicorp/aws\"]",
      "instances": [
        {
          "schema_version": 0,
          "attributes": {
            "allocation_id": "eipalloc-0895507efa8795764",
            "association_id": "eipassoc-0cd3a3b6c0ca499bd",
            "connectivity_type": "public",
            "id": "nat-098153c646c95919e",
            "network_interface_id": "eni-022d6e98bb8a2c066",
            "private_ip": "10.10.117.189",
            "public_ip": "13.200.68.114",
            "secondary_allocation_ids": null,
            "secondary_private_ip_address_count": 0,
            "secondary_private_ip_addresses": [],
            "subnet_id": "subnet-0821579ba7ded420e",
            "tags": {
              "Name": "dev-k8s-ngw",
              "env": "dev",
              "project": "dev"
            },
            "tags_all": {
              "Name": "dev-k8s-ngw",
              "env": "dev",
              "project": "dev"
            },
            "timeouts": null
          },
          "sensitive_attributes": [],
          "private": "eyJlMmJmYjczMC1lY2FhLTExZTYtOGY4OC0zNDM2M2JjN2M0YzAiOnsiY3JlYXRlIjo2MDAwMDAwMDAwMDAsImRlbGV0ZSI6MTgwMDAwMDAwMDAwMCwidXBkYXRlIjo2MDAwMDAwMDAwMDB9fQ==",
          "dependencies": [
            "module.vpc.aws_eip.ngw_k8s",
            "module.vpc.aws_internet_gateway.igw_k8s",
            "module.vpc.aws_subnet.public_subnet_1a",
            "module.vpc.aws_vpc.vpc_k8s"
          ]
        }
      ]
    },
    {
      "module": "module.vpc",
      "mode": "managed",
      "type": "aws_route_table",
      "name": "route_table_private",
      "provider": "provider[\"registry.terraform.io/hashicorp/aws\"]",
      "instances": [
        {
          "schema_version": 0,
          "attributes": {
            "arn": "arn:aws:ec2:ap-south-1:944708576171:route-table/rtb-08f201fd59f7fb66f",
            "id": "rtb-08f201fd59f7fb66f",
            "owner_id": "944708576171",
            "propagating_vgws": [],
            "route": [
              {
                "carrier_gateway_id": "",
                "cidr_block": "0.0.0.0/0",
                "core_network_arn": "",
                "destination_prefix_list_id": "",
                "egress_only_gateway_id": "",
                "gateway_id": "nat-098153c646c95919e",
                "ipv6_cidr_block": "",
                "local_gateway_id": "",
                "nat_gateway_id": "",
                "network_interface_id": "",
                "transit_gateway_id": "",
                "vpc_endpoint_id": "",
                "vpc_peering_connection_id": ""
              }
            ],
            "tags": {
              "Name": "dev-private-routerable",
              "env": "dev",
              "project": "dev"
            },
            "tags_all": {
              "Name": "dev-private-routerable",
              "env": "dev",
              "project": "dev"
            },
            "timeouts": null,
            "vpc_id": "vpc-00ee072577583b891"
          },
          "sensitive_attributes": [],
          "private": "eyJlMmJmYjczMC1lY2FhLTExZTYtOGY4OC0zNDM2M2JjN2M0YzAiOnsiY3JlYXRlIjozMDAwMDAwMDAwMDAsImRlbGV0ZSI6MzAwMDAwMDAwMDAwLCJ1cGRhdGUiOjEyMDAwMDAwMDAwMH19",
          "dependencies": [
            "module.vpc.aws_eip.ngw_k8s",
            "module.vpc.aws_internet_gateway.igw_k8s",
            "module.vpc.aws_nat_gateway.ngw_k8s",
            "module.vpc.aws_subnet.public_subnet_1a",
            "module.vpc.aws_vpc.vpc_k8s"
          ]
        }
      ]
    },
    {
      "module": "module.vpc",
      "mode": "managed",
      "type": "aws_route_table",
      "name": "route_table_public",
      "provider": "provider[\"registry.terraform.io/hashicorp/aws\"]",
      "instances": [
        {
          "schema_version": 0,
          "attributes": {
            "arn": "arn:aws:ec2:ap-south-1:944708576171:route-table/rtb-045b7e8a7698b1c7e",
            "id": "rtb-045b7e8a7698b1c7e",
            "owner_id": "944708576171",
            "propagating_vgws": [],
            "route": [
              {
                "carrier_gateway_id": "",
                "cidr_block": "0.0.0.0/0",
                "core_network_arn": "",
                "destination_prefix_list_id": "",
                "egress_only_gateway_id": "",
                "gateway_id": "igw-0bca0a88d53dda45f",
                "ipv6_cidr_block": "",
                "local_gateway_id": "",
                "nat_gateway_id": "",
                "network_interface_id": "",
                "transit_gateway_id": "",
                "vpc_endpoint_id": "",
                "vpc_peering_connection_id": ""
              }
            ],
            "tags": {
              "Name": "dev-public-routerable",
              "env": "dev",
              "project": "dev"
            },
            "tags_all": {
              "Name": "dev-public-routerable",
              "env": "dev",
              "project": "dev"
            },
            "timeouts": null,
            "vpc_id": "vpc-00ee072577583b891"
          },
          "sensitive_attributes": [],
          "private": "eyJlMmJmYjczMC1lY2FhLTExZTYtOGY4OC0zNDM2M2JjN2M0YzAiOnsiY3JlYXRlIjozMDAwMDAwMDAwMDAsImRlbGV0ZSI6MzAwMDAwMDAwMDAwLCJ1cGRhdGUiOjEyMDAwMDAwMDAwMH19",
          "dependencies": [
            "module.vpc.aws_internet_gateway.igw_k8s",
            "module.vpc.aws_vpc.vpc_k8s"
          ]
        }
      ]
    },
    {
      "module": "module.vpc",
      "mode": "managed",
      "type": "aws_route_table_association",
      "name": "rta_private_subnet_1a",
      "provider": "provider[\"registry.terraform.io/hashicorp/aws\"]",
      "instances": [
        {
          "schema_version": 0,
          "attributes": {
            "gateway_id": "",
            "id": "rtbassoc-0731755578d358b37",
            "route_table_id": "rtb-08f201fd59f7fb66f",
            "subnet_id": "subnet-0a7eaebf7283b4673",
            "timeouts": null
          },
          "sensitive_attributes": [],
          "private": "eyJlMmJmYjczMC1lY2FhLTExZTYtOGY4OC0zNDM2M2JjN2M0YzAiOnsiY3JlYXRlIjozMDAwMDAwMDAwMDAsImRlbGV0ZSI6MzAwMDAwMDAwMDAwLCJ1cGRhdGUiOjEyMDAwMDAwMDAwMH19",
          "dependencies": [
            "module.vpc.aws_eip.ngw_k8s",
            "module.vpc.aws_internet_gateway.igw_k8s",
            "module.vpc.aws_nat_gateway.ngw_k8s",
            "module.vpc.aws_route_table.route_table_private",
            "module.vpc.aws_subnet.private_subnet_1a",
            "module.vpc.aws_subnet.public_subnet_1a",
            "module.vpc.aws_vpc.vpc_k8s"
          ]
        }
      ]
    },
    {
      "module": "module.vpc",
      "mode": "managed",
      "type": "aws_route_table_association",
      "name": "rta_private_subnet_1b",
      "provider": "provider[\"registry.terraform.io/hashicorp/aws\"]",
      "instances": [
        {
          "schema_version": 0,
          "attributes": {
            "gateway_id": "",
            "id": "rtbassoc-07573cbda4ad80c5b",
            "route_table_id": "rtb-08f201fd59f7fb66f",
            "subnet_id": "subnet-0bb9f8014c241d829",
            "timeouts": null
          },
          "sensitive_attributes": [],
          "private": "eyJlMmJmYjczMC1lY2FhLTExZTYtOGY4OC0zNDM2M2JjN2M0YzAiOnsiY3JlYXRlIjozMDAwMDAwMDAwMDAsImRlbGV0ZSI6MzAwMDAwMDAwMDAwLCJ1cGRhdGUiOjEyMDAwMDAwMDAwMH19",
          "dependencies": [
            "module.vpc.aws_eip.ngw_k8s",
            "module.vpc.aws_internet_gateway.igw_k8s",
            "module.vpc.aws_nat_gateway.ngw_k8s",
            "module.vpc.aws_route_table.route_table_private",
            "module.vpc.aws_subnet.private_subnet_1b",
            "module.vpc.aws_subnet.public_subnet_1a",
            "module.vpc.aws_vpc.vpc_k8s"
          ]
        }
      ]
    },
    {
      "module": "module.vpc",
      "mode": "managed",
      "type": "aws_route_table_association",
      "name": "rta_private_subnet_1c",
      "provider": "provider[\"registry.terraform.io/hashicorp/aws\"]",
      "instances": [
        {
          "schema_version": 0,
          "attributes": {
            "gateway_id": "",
            "id": "rtbassoc-0ec47fbcb3a6151c1",
            "route_table_id": "rtb-08f201fd59f7fb66f",
            "subnet_id": "subnet-0bbdb2a17fac0de64",
            "timeouts": null
          },
          "sensitive_attributes": [],
          "private": "eyJlMmJmYjczMC1lY2FhLTExZTYtOGY4OC0zNDM2M2JjN2M0YzAiOnsiY3JlYXRlIjozMDAwMDAwMDAwMDAsImRlbGV0ZSI6MzAwMDAwMDAwMDAwLCJ1cGRhdGUiOjEyMDAwMDAwMDAwMH19",
          "dependencies": [
            "module.vpc.aws_eip.ngw_k8s",
            "module.vpc.aws_internet_gateway.igw_k8s",
            "module.vpc.aws_nat_gateway.ngw_k8s",
            "module.vpc.aws_route_table.route_table_private",
            "module.vpc.aws_subnet.private_subnet_1c",
            "module.vpc.aws_subnet.public_subnet_1a",
            "module.vpc.aws_vpc.vpc_k8s"
          ]
        }
      ]
    },
    {
      "module": "module.vpc",
      "mode": "managed",
      "type": "aws_route_table_association",
      "name": "rta_public_subnet_1a",
      "provider": "provider[\"registry.terraform.io/hashicorp/aws\"]",
      "instances": [
        {
          "schema_version": 0,
          "attributes": {
            "gateway_id": "",
            "id": "rtbassoc-022e06c6a7dd0b7e6",
            "route_table_id": "rtb-045b7e8a7698b1c7e",
            "subnet_id": "subnet-0821579ba7ded420e",
            "timeouts": null
          },
          "sensitive_attributes": [],
          "private": "eyJlMmJmYjczMC1lY2FhLTExZTYtOGY4OC0zNDM2M2JjN2M0YzAiOnsiY3JlYXRlIjozMDAwMDAwMDAwMDAsImRlbGV0ZSI6MzAwMDAwMDAwMDAwLCJ1cGRhdGUiOjEyMDAwMDAwMDAwMH19",
          "dependencies": [
            "module.vpc.aws_internet_gateway.igw_k8s",
            "module.vpc.aws_route_table.route_table_public",
            "module.vpc.aws_subnet.public_subnet_1a",
            "module.vpc.aws_vpc.vpc_k8s"
          ]
        }
      ]
    },
    {
      "module": "module.vpc",
      "mode": "managed",
      "type": "aws_route_table_association",
      "name": "rta_public_subnet_1b",
      "provider": "provider[\"registry.terraform.io/hashicorp/aws\"]",
      "instances": [
        {
          "schema_version": 0,
          "attributes": {
            "gateway_id": "",
            "id": "rtbassoc-0ce73603f25459dc0",
            "route_table_id": "rtb-045b7e8a7698b1c7e",
            "subnet_id": "subnet-0b0df2f3ce7b78784",
            "timeouts": null
          },
          "sensitive_attributes": [],
          "private": "eyJlMmJmYjczMC1lY2FhLTExZTYtOGY4OC0zNDM2M2JjN2M0YzAiOnsiY3JlYXRlIjozMDAwMDAwMDAwMDAsImRlbGV0ZSI6MzAwMDAwMDAwMDAwLCJ1cGRhdGUiOjEyMDAwMDAwMDAwMH19",
          "dependencies": [
            "module.vpc.aws_internet_gateway.igw_k8s",
            "module.vpc.aws_route_table.route_table_public",
            "module.vpc.aws_subnet.public_subnet_1b",
            "module.vpc.aws_vpc.vpc_k8s"
          ]
        }
      ]
    },
    {
      "module": "module.vpc",
      "mode": "managed",
      "type": "aws_route_table_association",
      "name": "rta_public_subnet_1c",
      "provider": "provider[\"registry.terraform.io/hashicorp/aws\"]",
      "instances": [
        {
          "schema_version": 0,
          "attributes": {
            "gateway_id": "",
            "id": "rtbassoc-03b09613a3f26d920",
            "route_table_id": "rtb-045b7e8a7698b1c7e",
            "subnet_id": "subnet-0d2d9ad72acde8842",
            "timeouts": null
          },
          "sensitive_attributes": [],
          "private": "eyJlMmJmYjczMC1lY2FhLTExZTYtOGY4OC0zNDM2M2JjN2M0YzAiOnsiY3JlYXRlIjozMDAwMDAwMDAwMDAsImRlbGV0ZSI6MzAwMDAwMDAwMDAwLCJ1cGRhdGUiOjEyMDAwMDAwMDAwMH19",
          "dependencies": [
            "module.vpc.aws_internet_gateway.igw_k8s",
            "module.vpc.aws_route_table.route_table_public",
            "module.vpc.aws_subnet.public_subnet_1c",
            "module.vpc.aws_vpc.vpc_k8s"
          ]
        }
      ]
    },
    {
      "module": "module.vpc",
      "mode": "managed",
      "type": "aws_subnet",
      "name": "private_subnet_1a",
      "provider": "provider[\"registry.terraform.io/hashicorp/aws\"]",
      "instances": [
        {
          "schema_version": 1,
          "attributes": {
            "arn": "arn:aws:ec2:ap-south-1:944708576171:subnet/subnet-0a7eaebf7283b4673",
            "assign_ipv6_address_on_creation": false,
            "availability_zone": "ap-south-1a",
            "availability_zone_id": "aps1-az1",
            "cidr_block": "10.10.0.0/19",
            "customer_owned_ipv4_pool": "",
            "enable_dns64": false,
            "enable_lni_at_device_index": 0,
            "enable_resource_name_dns_a_record_on_launch": false,
            "enable_resource_name_dns_aaaa_record_on_launch": false,
            "id": "subnet-0a7eaebf7283b4673",
            "ipv6_cidr_block": "",
            "ipv6_cidr_block_association_id": "",
            "ipv6_native": false,
            "map_customer_owned_ip_on_launch": false,
            "map_public_ip_on_launch": false,
            "outpost_arn": "",
            "owner_id": "944708576171",
            "private_dns_hostname_type_on_launch": "ip-name",
            "tags": {
              "Name": "dev-private-subnet-1a",
              "env": "dev",
              "kubernetes.io/cluster/dev-eks-cluster": "shared",
              "kubernetes.io/role/internal-elb": "1",
              "project": "dev"
            },
            "tags_all": {
              "Name": "dev-private-subnet-1a",
              "env": "dev",
              "kubernetes.io/cluster/dev-eks-cluster": "shared",
              "kubernetes.io/role/internal-elb": "1",
              "project": "dev"
            },
            "timeouts": null,
            "vpc_id": "vpc-00ee072577583b891"
          },
          "sensitive_attributes": [],
          "private": "eyJlMmJmYjczMC1lY2FhLTExZTYtOGY4OC0zNDM2M2JjN2M0YzAiOnsiY3JlYXRlIjo2MDAwMDAwMDAwMDAsImRlbGV0ZSI6MTIwMDAwMDAwMDAwMH0sInNjaGVtYV92ZXJzaW9uIjoiMSJ9",
          "dependencies": [
            "module.vpc.aws_vpc.vpc_k8s"
          ]
        }
      ]
    },
    {
      "module": "module.vpc",
      "mode": "managed",
      "type": "aws_subnet",
      "name": "private_subnet_1b",
      "provider": "provider[\"registry.terraform.io/hashicorp/aws\"]",
      "instances": [
        {
          "schema_version": 1,
          "attributes": {
            "arn": "arn:aws:ec2:ap-south-1:944708576171:subnet/subnet-0bb9f8014c241d829",
            "assign_ipv6_address_on_creation": false,
            "availability_zone": "ap-south-1b",
            "availability_zone_id": "aps1-az3",
            "cidr_block": "10.10.32.0/19",
            "customer_owned_ipv4_pool": "",
            "enable_dns64": false,
            "enable_lni_at_device_index": 0,
            "enable_resource_name_dns_a_record_on_launch": false,
            "enable_resource_name_dns_aaaa_record_on_launch": false,
            "id": "subnet-0bb9f8014c241d829",
            "ipv6_cidr_block": "",
            "ipv6_cidr_block_association_id": "",
            "ipv6_native": false,
            "map_customer_owned_ip_on_launch": false,
            "map_public_ip_on_launch": false,
            "outpost_arn": "",
            "owner_id": "944708576171",
            "private_dns_hostname_type_on_launch": "ip-name",
            "tags": {
              "Name": "dev-private-subnet-1b",
              "env": "dev",
              "kubernetes.io/cluster/dev-eks-cluster": "shared",
              "kubernetes.io/role/internal-elb": "1",
              "project": "dev"
            },
            "tags_all": {
              "Name": "dev-private-subnet-1b",
              "env": "dev",
              "kubernetes.io/cluster/dev-eks-cluster": "shared",
              "kubernetes.io/role/internal-elb": "1",
              "project": "dev"
            },
            "timeouts": null,
            "vpc_id": "vpc-00ee072577583b891"
          },
          "sensitive_attributes": [],
          "private": "eyJlMmJmYjczMC1lY2FhLTExZTYtOGY4OC0zNDM2M2JjN2M0YzAiOnsiY3JlYXRlIjo2MDAwMDAwMDAwMDAsImRlbGV0ZSI6MTIwMDAwMDAwMDAwMH0sInNjaGVtYV92ZXJzaW9uIjoiMSJ9",
          "dependencies": [
            "module.vpc.aws_vpc.vpc_k8s"
          ]
        }
      ]
    },
    {
      "module": "module.vpc",
      "mode": "managed",
      "type": "aws_subnet",
      "name": "private_subnet_1c",
      "provider": "provider[\"registry.terraform.io/hashicorp/aws\"]",
      "instances": [
        {
          "schema_version": 1,
          "attributes": {
            "arn": "arn:aws:ec2:ap-south-1:944708576171:subnet/subnet-0bbdb2a17fac0de64",
            "assign_ipv6_address_on_creation": false,
            "availability_zone": "ap-south-1c",
            "availability_zone_id": "aps1-az2",
            "cidr_block": "10.10.64.0/19",
            "customer_owned_ipv4_pool": "",
            "enable_dns64": false,
            "enable_lni_at_device_index": 0,
            "enable_resource_name_dns_a_record_on_launch": false,
            "enable_resource_name_dns_aaaa_record_on_launch": false,
            "id": "subnet-0bbdb2a17fac0de64",
            "ipv6_cidr_block": "",
            "ipv6_cidr_block_association_id": "",
            "ipv6_native": false,
            "map_customer_owned_ip_on_launch": false,
            "map_public_ip_on_launch": false,
            "outpost_arn": "",
            "owner_id": "944708576171",
            "private_dns_hostname_type_on_launch": "ip-name",
            "tags": {
              "Name": "dev-private-subnet-1c",
              "env": "dev",
              "kubernetes.io/cluster/dev-eks-cluster": "shared",
              "kubernetes.io/role/internal-elb": "1",
              "project": "dev"
            },
            "tags_all": {
              "Name": "dev-private-subnet-1c",
              "env": "dev",
              "kubernetes.io/cluster/dev-eks-cluster": "shared",
              "kubernetes.io/role/internal-elb": "1",
              "project": "dev"
            },
            "timeouts": null,
            "vpc_id": "vpc-00ee072577583b891"
          },
          "sensitive_attributes": [],
          "private": "eyJlMmJmYjczMC1lY2FhLTExZTYtOGY4OC0zNDM2M2JjN2M0YzAiOnsiY3JlYXRlIjo2MDAwMDAwMDAwMDAsImRlbGV0ZSI6MTIwMDAwMDAwMDAwMH0sInNjaGVtYV92ZXJzaW9uIjoiMSJ9",
          "dependencies": [
            "module.vpc.aws_vpc.vpc_k8s"
          ]
        }
      ]
    },
    {
      "module": "module.vpc",
      "mode": "managed",
      "type": "aws_subnet",
      "name": "public_subnet_1a",
      "provider": "provider[\"registry.terraform.io/hashicorp/aws\"]",
      "instances": [
        {
          "schema_version": 1,
          "attributes": {
            "arn": "arn:aws:ec2:ap-south-1:944708576171:subnet/subnet-0821579ba7ded420e",
            "assign_ipv6_address_on_creation": false,
            "availability_zone": "ap-south-1a",
            "availability_zone_id": "aps1-az1",
            "cidr_block": "10.10.96.0/19",
            "customer_owned_ipv4_pool": "",
            "enable_dns64": false,
            "enable_lni_at_device_index": 0,
            "enable_resource_name_dns_a_record_on_launch": false,
            "enable_resource_name_dns_aaaa_record_on_launch": false,
            "id": "subnet-0821579ba7ded420e",
            "ipv6_cidr_block": "",
            "ipv6_cidr_block_association_id": "",
            "ipv6_native": false,
            "map_customer_owned_ip_on_launch": false,
            "map_public_ip_on_launch": true,
            "outpost_arn": "",
            "owner_id": "944708576171",
            "private_dns_hostname_type_on_launch": "ip-name",
            "tags": {
              "Name": "dev-public-subnet-1a",
              "env": "dev",
              "kubernetes.io/cluster/dev-eks-cluster": "shared",
              "kubernetes.io/role/elb": "1",
              "project": "dev"
            },
            "tags_all": {
              "Name": "dev-public-subnet-1a",
              "env": "dev",
              "kubernetes.io/cluster/dev-eks-cluster": "shared",
              "kubernetes.io/role/elb": "1",
              "project": "dev"
            },
            "timeouts": null,
            "vpc_id": "vpc-00ee072577583b891"
          },
          "sensitive_attributes": [],
          "private": "eyJlMmJmYjczMC1lY2FhLTExZTYtOGY4OC0zNDM2M2JjN2M0YzAiOnsiY3JlYXRlIjo2MDAwMDAwMDAwMDAsImRlbGV0ZSI6MTIwMDAwMDAwMDAwMH0sInNjaGVtYV92ZXJzaW9uIjoiMSJ9",
          "dependencies": [
            "module.vpc.aws_vpc.vpc_k8s"
          ]
        }
      ]
    },
    {
      "module": "module.vpc",
      "mode": "managed",
      "type": "aws_subnet",
      "name": "public_subnet_1b",
      "provider": "provider[\"registry.terraform.io/hashicorp/aws\"]",
      "instances": [
        {
          "schema_version": 1,
          "attributes": {
            "arn": "arn:aws:ec2:ap-south-1:944708576171:subnet/subnet-0b0df2f3ce7b78784",
            "assign_ipv6_address_on_creation": false,
            "availability_zone": "ap-south-1b",
            "availability_zone_id": "aps1-az3",
            "cidr_block": "10.10.128.0/19",
            "customer_owned_ipv4_pool": "",
            "enable_dns64": false,
            "enable_lni_at_device_index": 0,
            "enable_resource_name_dns_a_record_on_launch": false,
            "enable_resource_name_dns_aaaa_record_on_launch": false,
            "id": "subnet-0b0df2f3ce7b78784",
            "ipv6_cidr_block": "",
            "ipv6_cidr_block_association_id": "",
            "ipv6_native": false,
            "map_customer_owned_ip_on_launch": false,
            "map_public_ip_on_launch": true,
            "outpost_arn": "",
            "owner_id": "944708576171",
            "private_dns_hostname_type_on_launch": "ip-name",
            "tags": {
              "Name": "dev-public-subnet-1b",
              "env": "dev",
              "kubernetes.io/cluster/dev-eks-cluster": "shared",
              "kubernetes.io/role/elb": "1",
              "project": "dev"
            },
            "tags_all": {
              "Name": "dev-public-subnet-1b",
              "env": "dev",
              "kubernetes.io/cluster/dev-eks-cluster": "shared",
              "kubernetes.io/role/elb": "1",
              "project": "dev"
            },
            "timeouts": null,
            "vpc_id": "vpc-00ee072577583b891"
          },
          "sensitive_attributes": [],
          "private": "eyJlMmJmYjczMC1lY2FhLTExZTYtOGY4OC0zNDM2M2JjN2M0YzAiOnsiY3JlYXRlIjo2MDAwMDAwMDAwMDAsImRlbGV0ZSI6MTIwMDAwMDAwMDAwMH0sInNjaGVtYV92ZXJzaW9uIjoiMSJ9",
          "dependencies": [
            "module.vpc.aws_vpc.vpc_k8s"
          ]
        }
      ]
    },
    {
      "module": "module.vpc",
      "mode": "managed",
      "type": "aws_subnet",
      "name": "public_subnet_1c",
      "provider": "provider[\"registry.terraform.io/hashicorp/aws\"]",
      "instances": [
        {
          "schema_version": 1,
          "attributes": {
            "arn": "arn:aws:ec2:ap-south-1:944708576171:subnet/subnet-0d2d9ad72acde8842",
            "assign_ipv6_address_on_creation": false,
            "availability_zone": "ap-south-1c",
            "availability_zone_id": "aps1-az2",
            "cidr_block": "10.10.160.0/19",
            "customer_owned_ipv4_pool": "",
            "enable_dns64": false,
            "enable_lni_at_device_index": 0,
            "enable_resource_name_dns_a_record_on_launch": false,
            "enable_resource_name_dns_aaaa_record_on_launch": false,
            "id": "subnet-0d2d9ad72acde8842",
            "ipv6_cidr_block": "",
            "ipv6_cidr_block_association_id": "",
            "ipv6_native": false,
            "map_customer_owned_ip_on_launch": false,
            "map_public_ip_on_launch": true,
            "outpost_arn": "",
            "owner_id": "944708576171",
            "private_dns_hostname_type_on_launch": "ip-name",
            "tags": {
              "Name": "dev-public-subnet-1c",
              "env": "dev",
              "kubernetes.io/cluster/dev-eks-cluster": "shared",
              "kubernetes.io/role/elb": "1",
              "project": "dev"
            },
            "tags_all": {
              "Name": "dev-public-subnet-1c",
              "env": "dev",
              "kubernetes.io/cluster/dev-eks-cluster": "shared",
              "kubernetes.io/role/elb": "1",
              "project": "dev"
            },
            "timeouts": null,
            "vpc_id": "vpc-00ee072577583b891"
          },
          "sensitive_attributes": [],
          "private": "eyJlMmJmYjczMC1lY2FhLTExZTYtOGY4OC0zNDM2M2JjN2M0YzAiOnsiY3JlYXRlIjo2MDAwMDAwMDAwMDAsImRlbGV0ZSI6MTIwMDAwMDAwMDAwMH0sInNjaGVtYV92ZXJzaW9uIjoiMSJ9",
          "dependencies": [
            "module.vpc.aws_vpc.vpc_k8s"
          ]
        }
      ]
    },
    {
      "module": "module.vpc",
      "mode": "managed",
      "type": "aws_vpc",
      "name": "vpc_k8s",
      "provider": "provider[\"registry.terraform.io/hashicorp/aws\"]",
      "instances": [
        {
          "schema_version": 1,
          "attributes": {
            "arn": "arn:aws:ec2:ap-south-1:944708576171:vpc/vpc-00ee072577583b891",
            "assign_generated_ipv6_cidr_block": false,
            "cidr_block": "10.10.0.0/16",
            "default_network_acl_id": "acl-039628f5ee0b7d081",
            "default_route_table_id": "rtb-08d4fbd4f1777e663",
            "default_security_group_id": "sg-06ebe0f83521e7a7b",
            "dhcp_options_id": "dopt-03e787b76b561be8a",
            "enable_dns_hostnames": true,
            "enable_dns_support": true,
            "enable_network_address_usage_metrics": false,
            "id": "vpc-00ee072577583b891",
            "instance_tenancy": "default",
            "ipv4_ipam_pool_id": null,
            "ipv4_netmask_length": null,
            "ipv6_association_id": "",
            "ipv6_cidr_block": "",
            "ipv6_cidr_block_network_border_group": "",
            "ipv6_ipam_pool_id": "",
            "ipv6_netmask_length": 0,
            "main_route_table_id": "rtb-08d4fbd4f1777e663",
            "owner_id": "944708576171",
            "tags": {
              "Name": "dev-vpc-k8s",
              "env": "dev",
              "project": "dev"
            },
            "tags_all": {
              "Name": "dev-vpc-k8s",
              "env": "dev",
              "project": "dev"
            }
          },
          "sensitive_attributes": [],
          "private": "eyJzY2hlbWFfdmVyc2lvbiI6IjEifQ=="
        }
      ]
    }
  ],
  "check_results": null
}
